schema: '2.0'
stages:
  data_ingestion:
    cmd: python src/data/make_dataset.py data/raw/customer_churn.csv 
      data/processed
    deps:
    - path: data/raw/customer_churn.csv
      hash: md5
      md5: 0f9de68e012bd3aed5fa7cdc9fc421af
      size: 977501
    - path: src/data/make_dataset.py
      hash: md5
      md5: 9b7618c56dc1e03f8b635a93a477aeb9
      size: 1429
    outs:
    - path: data/processed/test.csv
      hash: md5
      md5: 9e66f0526220d50448059afb6e971466
      size: 196084
    - path: data/processed/train.csv
      hash: md5
      md5: 7ab092ef190855ed8473e52dff0fabae
      size: 782462
  data_preprocessing:
    cmd: python src/features/build_features.py data/processed/train.csv 
      data/processed/test.csv data/processed models
    deps:
    - path: data/processed/test.csv
      hash: md5
      md5: 9e66f0526220d50448059afb6e971466
      size: 196084
    - path: data/processed/train.csv
      hash: md5
      md5: 7ab092ef190855ed8473e52dff0fabae
      size: 782462
    - path: src/features/build_features.py
      hash: md5
      md5: 4a5f133e1f5c17b9bfc706b78a2758e5
      size: 4661
    outs:
    - path: data/processed/test_processed.csv
      hash: md5
      md5: e2127ac200088e1ada4e44060fead1dc
      size: 348535
    - path: data/processed/train_processed.csv
      hash: md5
      md5: 81b1692ead26cbba8ba90225702c329b
      size: 1389698
  model_training:
    cmd: python src/models/train_model.py data/processed/train_processed.csv 
      data/processed/test_processed.csv models reports/metrics.json
    deps:
    - path: data/processed/test_processed.csv
      hash: md5
      md5: e2127ac200088e1ada4e44060fead1dc
      size: 348535
    - path: data/processed/train_processed.csv
      hash: md5
      md5: 81b1692ead26cbba8ba90225702c329b
      size: 1389698
    - path: src/models/train_model.py
      hash: md5
      md5: 51e7a69709e0b5732135c11df42d6bc9
      size: 7519
    outs:
    - path: reports/metrics.json
      hash: md5
      md5: af6d9a0effe11a5697ba55d464d71f57
      size: 2631
